
Microsoft Visual Studio Solution File, Format Version 12.00
# Visual Studio Version 17
VisualStudioVersion = 17.0.32014.148
MinimumVisualStudioVersion = 10.0.40219.1
Project("{9A19103F-16F7-4668-BE54-9A1E7A4F7556}") = "TerraSurge", "Terra Surge\TerraSurge.csproj", "{79C3A2A5-7740-49E0-8763-5E63AF169FCC}"
EndProject
Project("{9A19103F-16F7-4668-BE54-9A1E7A4F7556}") = "TerraSurgeShared", "TerraSurgeShared\TerraSurgeShared.csproj", "{4056E3EC-0BD0-4C1B-8655-90DB015401B5}"
EndProject
Project("{FAE04EC0-301F-11D3-BF4B-00C04F79EFBC}") = "TerraSurge.Test", "TerraSurge.Test\TerraSurge.Test.csproj", "{4833E8C1-4CC0-4F66-ABB1-16A364C18467}"
EndProject
Global
	GlobalSection(SolutionConfigurationPlatforms) = preSolution
		Debug|Any CPU = Debug|Any CPU
		Debug|x64 = Debug|x64
		Debug|x86 = Debug|x86
		Release|Any CPU = Release|Any CPU
		Release|x64 = Release|x64
		Release|x86 = Release|x86
	EndGlobalSection
	GlobalSection(ProjectConfigurationPlatforms) = postSolution
		{79C3A2A5-7740-49E0-8763-5E63AF169FCC}.Debug|Any CPU.ActiveCfg = Debug|Any CPU
		{79C3A2A5-7740-49E0-8763-5E63AF169FCC}.Debug|Any CPU.Build.0 = Debug|Any CPU
		{79C3A2A5-7740-49E0-8763-5E63AF169FCC}.Debug|x64.ActiveCfg = Debug|Any CPU
		{79C3A2A5-7740-49E0-8763-5E63AF169FCC}.Debug|x64.Build.0 = Debug|Any CPU
		{79C3A2A5-7740-49E0-8763-5E63AF169FCC}.Debug|x86.ActiveCfg = Debug|Any CPU
		{79C3A2A5-7740-49E0-8763-5E63AF169FCC}.Debug|x86.Build.0 = Debug|Any CPU
		{79C3A2A5-7740-49E0-8763-5E63AF169FCC}.Release|Any CPU.ActiveCfg = Release|Any CPU
		{79C3A2A5-7740-49E0-8763-5E63AF169FCC}.Release|Any CPU.Build.0 = Release|Any CPU
		{79C3A2A5-7740-49E0-8763-5E63AF169FCC}.Release|x64.ActiveCfg = Release|Any CPU
		{79C3A2A5-7740-49E0-8763-5E63AF169FCC}.Release|x64.Build.0 = Release|Any CPU
		{79C3A2A5-7740-49E0-8763-5E63AF169FCC}.Release|x86.ActiveCfg = Release|Any CPU
		{79C3A2A5-7740-49E0-8763-5E63AF169FCC}.Release|x86.Build.0 = Release|Any CPU
		{4056E3EC-0BD0-4C1B-8655-90DB015401B5}.Debug|Any CPU.ActiveCfg = Debug|Any CPU
		{4056E3EC-0BD0-4C1B-8655-90DB015401B5}.Debug|Any CPU.Build.0 = Debug|Any CPU
		{4056E3EC-0BD0-4C1B-8655-90DB015401B5}.Debug|x64.ActiveCfg = Debug|Any CPU
		{4056E3EC-0BD0-4C1B-8655-90DB015401B5}.Debug|x64.Build.0 = Debug|Any CPU
		{4056E3EC-0BD0-4C1B-8655-90DB015401B5}.Debug|x86.ActiveCfg = Debug|Any CPU
		{4056E3EC-0BD0-4C1B-8655-90DB015401B5}.Debug|x86.Build.0 = Debug|Any CPU
		{4056E3EC-0BD0-4C1B-8655-90DB015401B5}.Release|Any CPU.ActiveCfg = Release|Any CPU
		{4056E3EC-0BD0-4C1B-8655-90DB015401B5}.Release|Any CPU.Build.0 = Release|Any CPU
		{4056E3EC-0BD0-4C1B-8655-90DB015401B5}.Release|x64.ActiveCfg = Release|Any CPU
		{4056E3EC-0BD0-4C1B-8655-90DB015401B5}.Release|x64.Build.0 = Release|Any CPU
		{4056E3EC-0BD0-4C1B-8655-90DB015401B5}.Release|x86.ActiveCfg = Release|Any CPU
		{4056E3EC-0BD0-4C1B-8655-90DB015401B5}.Release|x86.Build.0 = Release|Any CPU
		{4833E8C1-4CC0-4F66-ABB1-16A364C18467}.Debug|Any CPU.ActiveCfg = Debug|Any CPU
		{4833E8C1-4CC0-4F66-ABB1-16A364C18467}.Debug|Any CPU.Build.0 = Debug|Any CPU
		{4833E8C1-4CC0-4F66-ABB1-16A364C18467}.Debug|x64.ActiveCfg = Debug|Any CPU
		{4833E8C1-4CC0-4F66-ABB1-16A364C18467}.Debug|x64.Build.0 = Debug|Any CPU
		{4833E8C1-4CC0-4F66-ABB1-16A364C18467}.Debug|x86.ActiveCfg = Debug|Any CPU
		{4833E8C1-4CC0-4F66-ABB1-16A364C18467}.Debug|x86.Build.0 = Debug|Any CPU
		{4833E8C1-4CC0-4F66-ABB1-16A364C18467}.Release|Any CPU.ActiveCfg = Release|Any CPU
		{4833E8C1-4CC0-4F66-ABB1-16A364C18467}.Release|Any CPU.Build.0 = Release|Any CPU
		{4833E8C1-4CC0-4F66-ABB1-16A364C18467}.Release|x64.ActiveCfg = Release|Any CPU
		{4833E8C1-4CC0-4F66-ABB1-16A364C18467}.Release|x64.Build.0 = Release|Any CPU
		{4833E8C1-4CC0-4F66-ABB1-16A364C18467}.Release|x86.ActiveCfg = Release|Any CPU
		{4833E8C1-4CC0-4F66-ABB1-16A364C18467}.Release|x86.Build.0 = Release|Any CPU
	EndGlobalSection
	GlobalSection(SolutionProperties) = preSolution
		HideSolutionNode = FALSE
	EndGlobalSection
	GlobalSection(ExtensibilityGlobals) = postSolution
		SolutionGuid = {9FCAA55F-7F53-47C6-842A-946572CC70F2}
	EndGlobalSection
EndGlobal
